
Microsoft Visual Studio Solution File, Format Version 12.00
# Visual Studio Version 16
VisualStudioVersion = 16.0.30907.101
MinimumVisualStudioVersion = 10.0.40219.1
Project("{FAE04EC0-301F-11D3-BF4B-00C04F79EFBC}") = "Assignment5", "Assignment5.csproj", "{A9BC7FBE-925E-4432-90D1-557A5EC513CC}"
EndProject
Global
	GlobalSection(SolutionConfigurationPlatforms) = preSolution
		Debug|Any CPU = Debug|Any CPU
		Release|Any CPU = Release|Any CPU
	EndGlobalSection
	GlobalSection(ProjectConfigurationPlatforms) = postSolution
		{A9BC7FBE-925E-4432-90D1-557A5EC513CC}.Debug|Any CPU.ActiveCfg = Debug|Any CPU
		{A9BC7FBE-925E-4432-90D1-557A5EC513CC}.Debug|Any CPU.Build.0 = Debug|Any CPU
		{A9BC7FBE-925E-4432-90D1-557A5EC513CC}.Release|Any CPU.ActiveCfg = Release|Any CPU
		{A9BC7FBE-925E-4432-90D1-557A5EC513CC}.Release|Any CPU.Build.0 = Release|Any CPU
	EndGlobalSection
	GlobalSection(SolutionProperties) = preSolution
		HideSolutionNode = FALSE
	EndGlobalSection
	GlobalSection(ExtensibilityGlobals) = postSolution
		SolutionGuid = {F18C454A-47E9-42EA-BB64-1D9458C00D14}
	EndGlobalSection
EndGlobal
